{
    "_readme": [
        "This file locks the dependencies of your project to a known state",
        "Read more about it at https://getcomposer.org/doc/01-basic-usage.md#installing-dependencies",
        "This file is @generated automatically"
    ],
    "content-hash": "ba56da1ce63d1154ff37c9a8f2f12690",
    "packages": [
        {
            "name": "psr/event-dispatcher",
            "version": "1.0.0",
            "source": {
                "type": "git",
                "url": "https://github.com/php-fig/event-dispatcher.git",
                "reference": "dbefd12671e8a14ec7f180cab83036ed26714bb0"
            },
            "dist": {
                "type": "zip",
                "url": "https://api.github.com/repos/php-fig/event-dispatcher/zipball/dbefd12671e8a14ec7f180cab83036ed26714bb0",
                "reference": "dbefd12671e8a14ec7f180cab83036ed26714bb0",
                "shasum": ""
            },
            "require": {
                "php": ">=7.2.0"
            },
            "type": "library",
            "extra": {
                "branch-alias": {
                    "dev-master": "1.0.x-dev"
                }
            },
            "autoload": {
                "psr-4": {
                    "Psr\\EventDispatcher\\": "src/"
                }
            },
            "notification-url": "https://packagist.org/downloads/",
            "license": [
                "MIT"
            ],
            "authors": [
                {
                    "name": "PHP-FIG",
                    "homepage": "http://www.php-fig.org/"
                }
            ],
            "description": "Standard interfaces for event handling.",
            "keywords": [
                "events",
                "psr",
                "psr-14"
            ],
            "time": "2019-01-08T18:20:26+00:00"
        },
        {
            "name": "symfony/deprecation-contracts",
            "version": "v2.1.2",
            "source": {
                "type": "git",
                "url": "https://github.com/symfony/deprecation-contracts.git",
                "reference": "dd99cb3a0aff6cadd2a8d7d7ed72c2161e218337"
            },
            "dist": {
                "type": "zip",
                "url": "https://api.github.com/repos/symfony/deprecation-contracts/zipball/dd99cb3a0aff6cadd2a8d7d7ed72c2161e218337",
                "reference": "dd99cb3a0aff6cadd2a8d7d7ed72c2161e218337",
                "shasum": ""
            },
            "require": {
                "php": ">=7.1"
            },
            "type": "library",
            "extra": {
                "branch-alias": {
                    "dev-master": "2.1-dev"
                }
            },
            "autoload": {
                "files": [
                    "function.php"
                ]
            },
            "notification-url": "https://packagist.org/downloads/",
            "license": [
                "MIT"
            ],
            "authors": [
                {
                    "name": "Nicolas Grekas",
                    "email": "p@tchwork.com"
                },
                {
                    "name": "Symfony Community",
                    "homepage": "https://symfony.com/contributors"
                }
            ],
            "description": "A generic function and convention to trigger deprecation notices",
            "homepage": "https://symfony.com",
            "funding": [
                {
                    "url": "https://symfony.com/sponsor",
                    "type": "custom"
                },
                {
                    "url": "https://github.com/fabpot",
                    "type": "github"
                },
                {
                    "url": "https://tidelift.com/funding/github/packagist/symfony/symfony",
                    "type": "tidelift"
                }
            ],
            "time": "2020-05-27T08:34:37+00:00"
        },
        {
            "name": "symfony/event-dispatcher",
            "version": "v5.1.1",
            "source": {
                "type": "git",
                "url": "https://github.com/symfony/event-dispatcher.git",
                "reference": "cc0d059e2e997e79ca34125a52f3e33de4424ac7"
            },
            "dist": {
                "type": "zip",
                "url": "https://api.github.com/repos/symfony/event-dispatcher/zipball/cc0d059e2e997e79ca34125a52f3e33de4424ac7",
                "reference": "cc0d059e2e997e79ca34125a52f3e33de4424ac7",
                "shasum": ""
            },
            "require": {
                "php": ">=7.2.5",
                "symfony/deprecation-contracts": "^2.1",
                "symfony/event-dispatcher-contracts": "^2",
                "symfony/polyfill-php80": "^1.15"
            },
            "conflict": {
                "symfony/dependency-injection": "<4.4"
            },
            "provide": {
                "psr/event-dispatcher-implementation": "1.0",
                "symfony/event-dispatcher-implementation": "2.0"
            },
            "require-dev": {
                "psr/log": "~1.0",
                "symfony/config": "^4.4|^5.0",
                "symfony/dependency-injection": "^4.4|^5.0",
                "symfony/expression-language": "^4.4|^5.0",
                "symfony/http-foundation": "^4.4|^5.0",
                "symfony/service-contracts": "^1.1|^2",
                "symfony/stopwatch": "^4.4|^5.0"
            },
            "suggest": {
                "symfony/dependency-injection": "",
                "symfony/http-kernel": ""
            },
            "type": "library",
            "extra": {
                "branch-alias": {
                    "dev-master": "5.1-dev"
                }
            },
            "autoload": {
                "psr-4": {
                    "Symfony\\Component\\EventDispatcher\\": ""
                },
                "exclude-from-classmap": [
                    "/Tests/"
                ]
            },
            "notification-url": "https://packagist.org/downloads/",
            "license": [
                "MIT"
            ],
            "authors": [
                {
                    "name": "Fabien Potencier",
                    "email": "fabien@symfony.com"
                },
                {
                    "name": "Symfony Community",
                    "homepage": "https://symfony.com/contributors"
                }
            ],
            "description": "Symfony EventDispatcher Component",
            "homepage": "https://symfony.com",
            "funding": [
                {
                    "url": "https://symfony.com/sponsor",
                    "type": "custom"
                },
                {
                    "url": "https://github.com/fabpot",
                    "type": "github"
                },
                {
                    "url": "https://tidelift.com/funding/github/packagist/symfony/symfony",
                    "type": "tidelift"
                }
            ],
            "time": "2020-05-20T17:43:50+00:00"
        },
        {
            "name": "symfony/event-dispatcher-contracts",
            "version": "v2.1.2",
            "source": {
                "type": "git",
                "url": "https://github.com/symfony/event-dispatcher-contracts.git",
                "reference": "405952c4e90941a17e52ef7489a2bd94870bb290"
            },
            "dist": {
                "type": "zip",
                "url": "https://api.github.com/repos/symfony/event-dispatcher-contracts/zipball/405952c4e90941a17e52ef7489a2bd94870bb290",
                "reference": "405952c4e90941a17e52ef7489a2bd94870bb290",
                "shasum": ""
            },
            "require": {
                "php": ">=7.2.5",
                "psr/event-dispatcher": "^1"
            },
            "suggest": {
                "symfony/event-dispatcher-implementation": ""
            },
            "type": "library",
            "extra": {
                "branch-alias": {
                    "dev-master": "2.1-dev"
                }
            },
            "autoload": {
                "psr-4": {
                    "Symfony\\Contracts\\EventDispatcher\\": ""
                }
            },
            "notification-url": "https://packagist.org/downloads/",
            "license": [
                "MIT"
            ],
            "authors": [
                {
                    "name": "Nicolas Grekas",
                    "email": "p@tchwork.com"
                },
                {
                    "name": "Symfony Community",
                    "homepage": "https://symfony.com/contributors"
                }
            ],
            "description": "Generic abstractions related to dispatching event",
            "homepage": "https://symfony.com",
            "keywords": [
                "abstractions",
                "contracts",
                "decoupling",
                "interfaces",
                "interoperability",
                "standards"
            ],
            "funding": [
                {
                    "url": "https://symfony.com/sponsor",
                    "type": "custom"
                },
                {
                    "url": "https://github.com/fabpot",
                    "type": "github"
                },
                {
                    "url": "https://tidelift.com/funding/github/packagist/symfony/symfony",
                    "type": "tidelift"
                }
            ],
            "time": "2020-05-20T17:43:50+00:00"
        },
        {
            "name": "symfony/polyfill-php80",
            "version": "v1.17.0",
            "source": {
                "type": "git",
                "url": "https://github.com/symfony/polyfill-php80.git",
                "reference": "5e30b2799bc1ad68f7feb62b60a73743589438dd"
            },
            "dist": {
                "type": "zip",
                "url": "https://api.github.com/repos/symfony/polyfill-php80/zipball/5e30b2799bc1ad68f7feb62b60a73743589438dd",
                "reference": "5e30b2799bc1ad68f7feb62b60a73743589438dd",
                "shasum": ""
            },
            "require": {
                "php": ">=7.0.8"
            },
            "type": "library",
            "extra": {
                "branch-alias": {
                    "dev-master": "1.17-dev"
                }
            },
            "autoload": {
                "psr-4": {
                    "Symfony\\Polyfill\\Php80\\": ""
                },
                "files": [
                    "bootstrap.php"
                ],
                "classmap": [
                    "Resources/stubs"
                ]
            },
            "notification-url": "https://packagist.org/downloads/",
            "license": [
                "MIT"
            ],
            "authors": [
                {
                    "name": "Ion Bazan",
                    "email": "ion.bazan@gmail.com"
                },
                {
                    "name": "Nicolas Grekas",
                    "email": "p@tchwork.com"
                },
                {
                    "name": "Symfony Community",
                    "homepage": "https://symfony.com/contributors"
                }
            ],
            "description": "Symfony polyfill backporting some PHP 8.0+ features to lower PHP versions",
            "homepage": "https://symfony.com",
            "keywords": [
                "compatibility",
                "polyfill",
                "portable",
                "shim"
            ],
            "funding": [
                {
                    "url": "https://symfony.com/sponsor",
                    "type": "custom"
                },
                {
                    "url": "https://github.com/fabpot",
                    "type": "github"
                },
                {
                    "url": "https://tidelift.com/funding/github/packagist/symfony/symfony",
                    "type": "tidelift"
                }
            ],
            "time": "2020-05-12T16:47:27+00:00"
        }
    ],
    "packages-dev": [
        {
            "name": "phpstan/phpstan",
            "version": "0.12.28",
            "source": {
                "type": "git",
                "url": "https://github.com/phpstan/phpstan.git",
                "reference": "76c0c4ec90b1eed66fa4855b8b4b53fa9054353f"
            },
            "dist": {
                "type": "zip",
                "url": "https://api.github.com/repos/phpstan/phpstan/zipball/76c0c4ec90b1eed66fa4855b8b4b53fa9054353f",
                "reference": "76c0c4ec90b1eed66fa4855b8b4b53fa9054353f",
                "shasum": ""
            },
            "require": {
                "php": "^7.1"
            },
            "conflict": {
                "phpstan/phpstan-shim": "*"
            },
            "bin": [
                "phpstan",
                "phpstan.phar"
            ],
            "type": "library",
            "extra": {
                "branch-alias": {
                    "dev-master": "0.12-dev"
                }
            },
            "autoload": {
                "files": [
                    "bootstrap.php"
                ]
            },
            "notification-url": "https://packagist.org/downloads/",
            "license": [
                "MIT"
            ],
            "description": "PHPStan - PHP Static Analysis Tool",
            "funding": [
                {
                    "url": "https://github.com/ondrejmirtes",
                    "type": "github"
                },
                {
                    "url": "https://www.patreon.com/phpstan",
                    "type": "patreon"
                },
                {
                    "url": "https://tidelift.com/funding/github/packagist/phpstan/phpstan",
                    "type": "tidelift"
                }
            ],
            "time": "2020-06-10T06:20:14+00:00"
        },
        {
            "name": "phpstan/phpstan-strict-rules",
            "version": "0.12.2",
            "source": {
                "type": "git",
                "url": "https://github.com/phpstan/phpstan-strict-rules.git",
                "reference": "a670a59aff7cf96f75d21b974860ada10e25b2ee"
            },
            "dist": {
                "type": "zip",
                "url": "https://api.github.com/repos/phpstan/phpstan-strict-rules/zipball/a670a59aff7cf96f75d21b974860ada10e25b2ee",
                "reference": "a670a59aff7cf96f75d21b974860ada10e25b2ee",
                "shasum": ""
            },
            "require": {
                "php": "~7.1",
                "phpstan/phpstan": "^0.12.6"
            },
            "require-dev": {
                "consistence/coding-standard": "^3.0.1",
                "dealerdirect/phpcodesniffer-composer-installer": "^0.4.4",
                "ergebnis/composer-normalize": "^2.0.2",
                "jakub-onderka/php-parallel-lint": "^1.0",
                "phing/phing": "^2.16.0",
                "phpstan/phpstan-phpunit": "^0.12",
                "phpunit/phpunit": "^7.0",
                "slevomat/coding-standard": "^4.5.2"
            },
            "type": "phpstan-extension",
            "extra": {
                "branch-alias": {
                    "dev-master": "0.12-dev"
                },
                "phpstan": {
                    "includes": [
                        "rules.neon"
                    ]
                }
            },
            "autoload": {
                "psr-4": {
                    "PHPStan\\": "src/"
                }
            },
            "notification-url": "https://packagist.org/downloads/",
            "license": [
                "MIT"
            ],
            "description": "Extra strict and opinionated rules for PHPStan",
            "time": "2020-01-20T13:08:52+00:00"
        }
    ],
    "aliases": [],
    "minimum-stability": "stable",
    "stability-flags": [],
    "prefer-stable": false,
    "prefer-lowest": false,
    "platform": [],
    "platform-dev": [],
    "plugin-api-version": "1.1.0"
}
